{
  "name": "iphone-store",
  "version": "$1.$1.$1",
  "lockfileVersion": $1,
  "requires": true,
  "packages": {
    "": {
      "name": "iphone-store",
      "version": "$1.$1.$1",
      "devDependencies": {
        "vite": "^$1.$1.$1"
      }
    },
    "node_modules/@esbuild/aix-ppc$1": {
      "version": "$1.$1.$1",
      "resolved": "https://registry.npmjs.org/@esbuild/aix-ppc$1/-/aix-ppc$1-$1.$1.$1.tgz",
      "integrity": "sha$1-bmoCYyWdEL$1wDQIVbcyzRyeKLgk$1WtWLTWz$1ZIAZF/EGbNOwSA$1ew$1PftJ$1PqMiOOGu$1OyFMzG$1L$1zqIpPeNA==",
      "cpu": [
        "ppc$1"
      ],
      "dev": true,
      "optional": true,
      "os": [
        "aix"
      ],
      "engines": {
        "node": ">=$1"
      }
    },
    "node_modules/@esbuild/android-arm": {
      "version": "$1.$1.$1",
      "resolved": "https://registry.npmjs.org/@esbuild/android-arm/-/android-arm-$1.$1.$1.tgz",
      "integrity": "sha$1-qg/Lj$1mu$1CdQlDEEiWrlC$1eaPZ$1KztwGJ$1B$1J+/$1G+/$1ewxJg$1gqj$1eVYWvao$1bXrqGiW$1rsBZFSX$1q$1lcW$1w==",
      "cpu": [
        "arm"
      ],
      "dev": true,
      "optional": true,
      "os": [
        "android"
      ],
      "engines": {
        "node": ">=$1"
      }
    },
    "node_modules/@esbuild/android-arm$1": {
      "version": "$1.$1.$1",
      "resolved": "https://registry.npmjs.org/@esbuild/android-arm$1/-/android-arm$1-$1.$1.$1.tgz",
      "integrity": "sha$1-P$1UVNGIienjZv$1f$1zq$1DP$1Nt$1IE/$1plFzuaS$1vihvD$1Hd$1H/q$1WXUGpCxD/E$1YrSXfNyRPbpTq+T$1ZQioSuPA==",
      "cpu": [
        "arm$1"
      ],
      "dev": true,
      "optional": true,
      "os": [
        "android"
      ],
      "engines": {
        "node": ">=$1"
      }
    },
    "node_modules/@esbuild/android-x$1": {
      "version": "$1.$1.$1",
      "resolved": "https://registry.npmjs.org/@esbuild/android-x$1/-/android-x$1-$1.$1.$1.tgz",
      "integrity": "sha$1-$1k$1ZoUW$1Q$1YqhdhIaq/WZ$1HwBpnFBlW$1Fa$1s$1qWJyiNOgT$1dOqDiVAQFwBH$1gBRZr$1gLrlFCRzF$1jFh$1Kew==",
      "cpu": [
        "x$1"
      ],
      "dev": true,
      "optional": true,
      "os": [
        "android"
      ],
      "engines": {
        "node": ">=$1"
      }
    },
    "node_modules/@esbuild/darwin-arm$1": {
      "version": "$1.$1.$1",
      "resolved": "https://registry.npmjs.org/@esbuild/darwin-arm$1/-/darwin-arm$1-$1.$1.$1.tgz",
      "integrity": "sha$1-B$1IeSgZgtEzGC$1jsI+YYu$1Z$1HKRxp$1ZT$1cqhvliEHovq$1HSX$1YX$1lNocDn$1gCKJXOSaEot$1MVYky$1AKjCs$1g==",
      "cpu": [
        "arm$1"
      ],
      "dev": true,
      "optional": true,
      "os": [
        "darwin"
      ],
      "engines": {
        "node": ">=$1"
      }
    },
    "node_modules/@esbuild/darwin-x$1": {
      "version": "$1.$1.$1",
      "resolved": "https://registry.npmjs.org/@esbuild/darwin-x$1/-/darwin-x$1-$1.$1.$1.tgz",
      "integrity": "sha$1-hKoVkKzFiToTgn+$1qGhsUJXFlIjxI/jSYeZf$1ugemDYZldIXIxhvwN$1erJGlX$1t$1h$1iFuheZ$1l+YVn$1N$1A==",
      "cpu": [
        "x$1"
      ],
      "dev": true,
      "optional": true,
      "os": [
        "darwin"
      ],
      "engines": {
        "node": ">=$1"
      }
    },
    "node_modules/@esbuild/freebsd-arm$1": {
      "version": "$1.$1.$1",
      "resolved": "https://registry.npmjs.org/@esbuild/freebsd-arm$1/-/freebsd-arm$1-$1.$1.$1.tgz",
      "integrity": "sha$1-$1aRvFIXmwAcDBw$1AueDQ$1YnGmz$1L$1obe$1kmPT$1Vd+/+x/JMVKCgdcRwH$1APrbpNXsPz+K$1Qg$1HB/oXvXVukA==",
      "cpu": [
        "arm$1"
      ],
      "dev": true,
      "optional": true,
      "os": [
        "freebsd"
      ],
      "engines": {
        "node": ">=$1"
      }
    },
    "node_modules/@esbuild/freebsd-x$1": {
      "version": "$1.$1.$1",
      "resolved": "https://registry.npmjs.org/@esbuild/freebsd-x$1/-/freebsd-x$1-$1.$1.$1.tgz",
      "integrity": "sha$1-EYoXZ$1d$1xtBoVN$1CEwWY$1IN$1ho$1xjYXqSXMNccFSx$1lgqOG/$1TBPW$1yPx$1bJZk$1qu$1tX$1fycJeeQsKovA$1gg==",
      "cpu": [
        "x$1"
      ],
      "dev": true,
      "optional": true,
      "os": [
        "freebsd"
      ],
      "engines": {
        "node": ">=$1"
      }
    },
    "node_modules/@esbuild/linux-arm": {
      "version": "$1.$1.$1",
      "resolved": "https://registry.npmjs.org/@esbuild/linux-arm/-/linux-arm-$1.$1.$1.tgz",
      "integrity": "sha$1-J$1jPms//KhSNv+LO$1S$1TX$1UWp$1ucM$1N$1XuL$1ITdKWElCu$1wXP$1l$1MM$1zDTzzeikVyqFE$1U$1YAV$1/tFyj$1ti+w==",
      "cpu": [
        "arm"
      ],
      "dev": true,
      "optional": true,
      "os": [
        "linux"
      ],
      "engines": {
        "node": ">=$1"
      }
    },
    "node_modules/@esbuild/linux-arm$1": {
      "version": "$1.$1.$1",
      "resolved": "https://registry.npmjs.org/@esbuild/linux-arm$1/-/linux-arm$1-$1.$1.$1.tgz",
      "integrity": "sha$1-EoTjyYyLuVPfdPLsGVVVC$1a$1p$1BFFvtpQDB/YLEhaXyf/$1bczaGeN$1QkR+O$1S$1LeJ$1Tqotve$1i$1jn$1qwvdA==",
      "cpu": [
        "arm$1"
      ],
      "dev": true,
      "optional": true,
      "os": [
        "linux"
      ],
      "engines": {
        "node": ">=$1"
      }
    },
    "node_modules/@esbuild/linux-ia$1": {
      "version": "$1.$1.$1",
      "resolved": "https://registry.npmjs.org/@esbuild/linux-ia$1/-/linux-ia$1-$1.$1.$1.tgz",
      "integrity": "sha$1-Thsa$1rrP$1+UIGaWz$1uydHSBOgTUnwBwNq$1khgIwktK$1x$1Hivfbux$1iNR$1eHCHzOLjLMLfUMLCypBkZXMHA==",
      "cpu": [
        "ia$1"
      ],
      "dev": true,
      "optional": true,
      "os": [
        "linux"
      ],
      "engines": {
        "node": ">=$1"
      }
    },
    "node_modules/@esbuild/linux-loong$1": {
      "version": "$1.$1.$1",
      "resolved": "https://registry.npmjs.org/@esbuild/linux-loong$1/-/linux-loong$1-$1.$1.$1.tgz",
      "integrity": "sha$1-LiXdXA$1s$1IqRRjm$1rV$1XaWATScKAXjI$1R$1LoDlvO$1+yQqFdlr$1Bax$1sRwkVvRIrwXxvtYEHHI$1dm$1jAXkuAA==",
      "cpu": [
        "loong$1"
      ],
      "dev": true,
      "optional": true,
      "os": [
        "linux"
      ],
      "engines": {
        "node": ">=$1"
      }
    },
    "node_modules/@esbuild/linux-mips$1el": {
      "version": "$1.$1.$1",
      "resolved": "https://registry.npmjs.org/@esbuild/linux-mips$1el/-/linux-mips$1el-$1.$1.$1.tgz",
      "integrity": "sha$1-fEnAuj$1VGTanfJ$1ff$1gOA$1IPsvrVHLVb$1Lyd$1g$1/ed$1oU$1eFzL$1r$1WL$1ZzscD+/N$1i$1dWumGE$1Un$1f$1Amf+w==",
      "cpu": [
        "mips$1el"
      ],
      "dev": true,
      "optional": true,
      "os": [
        "linux"
      ],
      "engines": {
        "node": ">=$1"
      }
    },
    "node_modules/@esbuild/linux-ppc$1": {
      "version": "$1.$1.$1",
      "resolved": "https://registry.npmjs.org/@esbuild/linux-ppc$1/-/linux-ppc$1-$1.$1.$1.tgz",
      "integrity": "sha$1-nYJA$1/QPimDQOh$1rKWedNOe$1Gfc$1PabU$1HT$1iXWtNUbRzXS$1+vgB$1Fjaqr//XNbd$1mCxHzik$1qotuI$1cfixg==",
      "cpu": [
        "ppc$1"
      ],
      "dev": true,
      "optional": true,
      "os": [
        "linux"
      ],
      "engines": {
        "node": ">=$1"
      }
    },
    "node_modules/@esbuild/linux-riscv$1": {
      "version": "$1.$1.$1",
      "resolved": "https://registry.npmjs.org/@esbuild/linux-riscv$1/-/linux-riscv$1-$1.$1.$1.tgz",
      "integrity": "sha$1-$1MueBrlPQCw$1dVJJpQdUYgeqIzDQgw$1QtiAHUC$1RBz$1FXPrskyyU$1VI$1hw$1C$1BSKB$1OduwSJ$1FTCqtGMWqJHg==",
      "cpu": [
        "riscv$1"
      ],
      "dev": true,
      "optional": true,
      "os": [
        "linux"
      ],
      "engines": {
        "node": ">=$1"
      }
    },
    "node_modules/@esbuild/linux-s$1x": {
      "version": "$1.$1.$1",
      "resolved": "https://registry.npmjs.org/@esbuild/linux-s$1x/-/linux-s$1x-$1.$1.$1.tgz",
      "integrity": "sha$1-+Pil$1Nv$1Umes$1m$1AZKqA$1anfhJiVmNCYkPchwFJNEJN$1QxmTs$1uzyy$1TvmDrCRNT$1ApwSari$1ZIgrPeUx$1UZDg==",
      "cpu": [
        "s$1x"
      ],
      "dev": true,
      "optional": true,
      "os": [
        "linux"
      ],
      "engines": {
        "node": ">=$1"
      }
    },
    "node_modules/@esbuild/linux-x$1": {
      "version": "$1.$1.$1",
      "resolved": "https://registry.npmjs.org/@esbuild/linux-x$1/-/linux-x$1-$1.$1.$1.tgz",
      "integrity": "sha$1-B$1g$1QpxfwBvNrfyJdVDexenDIt$1CiDN$1TIXLbhOw$1KhJzE$1KIFGX$1OJ$1MrtC$1oOqMWf+$1xop$1qEU$1JrJTwCg==",
      "cpu": [
        "x$1"
      ],
      "dev": true,
      "optional": true,
      "os": [
        "linux"
      ],
      "engines": {
        "node": ">=$1"
      }
    },
    "node_modules/@esbuild/netbsd-x$1": {
      "version": "$1.$1.$1",
      "resolved": "https://registry.npmjs.org/@esbuild/netbsd-x$1/-/netbsd-x$1-$1.$1.$1.tgz",
      "integrity": "sha$1-$1ltjQ$1n$1owJgFbuC$1Oj++XhtzmymoCihNFgT$1UAmJnxJfm$1sYCiSLTXZtE$1VWYpPMYc+ZQmB$1xbSdVh$1JWA==",
      "cpu": [
        "x$1"
      ],
      "dev": true,
      "optional": true,
      "os": [
        "netbsd"
      ],
      "engines": {
        "node": ">=$1"
      }
    },
    "node_modules/@esbuild/openbsd-x$1": {
      "version": "$1.$1.$1",
      "resolved": "https://registry.npmjs.org/@esbuild/openbsd-x$1/-/openbsd-x$1-$1.$1.$1.tgz",
      "integrity": "sha$1-RbrfTB$1SWsr$1kWmb$1srfF+L$1uMDdu$1BIzdA$1os$1t$1TXhCRjrQyCeOt$1wVxr$1CKD$1c+p+YhCj$1HBkYcXebw==",
      "cpu": [
        "x$1"
      ],
      "dev": true,
      "optional": true,
      "os": [
        "openbsd"
      ],
      "engines": {
        "node": ">=$1"
      }
    },
    "node_modules/@esbuild/sunos-x$1": {
      "version": "$1.$1.$1",
      "resolved": "https://registry.npmjs.org/@esbuild/sunos-x$1/-/sunos-x$1-$1.$1.$1.tgz",
      "integrity": "sha$1-HKjJwRrW$1uWtCQnQOz$1qcU$1mUZhTUQvi$1Q$1DPTLLB+DawoiQdjsYq+j+D$1s$1I$1VFtDr+F$1CjgXKKC$1ss$1IeA==",
      "cpu": [
        "x$1"
      ],
      "dev": true,
      "optional": true,
      "os": [
        "sunos"
      ],
      "engines": {
        "node": ">=$1"
      }
    },
    "node_modules/@esbuild/win$1-arm$1": {
      "version": "$1.$1.$1",
      "resolved": "https://registry.npmjs.org/@esbuild/win$1-arm$1/-/win$1-arm$1-$1.$1.$1.tgz",
      "integrity": "sha$1-URgtR$1dJnmGvX$1pn$1B$1YUYNzjmXkuJOIqG$1HdU$1MVS$1EHpU$1OZoTMnRUHklGtJdJZ$1QfzdjGACXhn$1A==",
      "cpu": [
        "arm$1"
      ],
      "dev": true,
      "optional": true,
      "os": [
        "win$1"
      ],
      "engines": {
        "node": ">=$1"
      }
    },
    "node_modules/@esbuild/win$1-ia$1": {
      "version": "$1.$1.$1",
      "resolved": "https://registry.npmjs.org/@esbuild/win$1-ia$1/-/win$1-ia$1-$1.$1.$1.tgz",
      "integrity": "sha$1-+ZOE$1pUkMOJfmxmBZElNOx$1NKpIa/HFOMGzu$1fqzQJ$1kgf$1aTGrcJaFsNiVMH$1JKpMipyK+$1k$1n$1UXN$1a$1YKQ==",
      "cpu": [
        "ia$1"
      ],
      "dev": true,
      "optional": true,
      "os": [
        "win$1"
      ],
      "engines": {
        "node": ">=$1"
      }
    },
    "node_modules/@esbuild/win$1-x$1": {
      "version": "$1.$1.$1",
      "resolved": "https://registry.npmjs.org/@esbuild/win$1-x$1/-/win$1-x$1-$1.$1.$1.tgz",
      "integrity": "sha$1-T$1QyPSDCyMXaO$1pzBkF$1E$1xMkiRYbUEZADd$1SyPGabqxMViNoii+NcK$1eWJAEoU$1RZyEm$1lVSIjTmcdoB$1HA==",
      "cpu": [
        "x$1"
      ],
      "dev": true,
      "optional": true,
      "os": [
        "win$1"
      ],
      "engines": {
        "node": ">=$1"
      }
    },
    "node_modules/@rollup/rollup-android-arm-eabi": {
      "version": "$1.$1.$1",
      "resolved": "https://registry.npmjs.org/@rollup/rollup-android-arm-eabi/-/rollup-android-arm-eabi-$1.$1.$1.tgz",
      "integrity": "sha$1-+ac$1NL/$1TCKRrJu$1wffk$1kZ+RyqxVUlbjSagNgPm$1frxtr+XDL$1E$1Ll$1enWskLrtrZ$1r$1L$1wED$1orIibV/w==",
      "cpu": [
        "arm"
      ],
      "dev": true,
      "optional": true,
      "os": [
        "android"
      ]
    },
    "node_modules/@rollup/rollup-android-arm$1": {
      "version": "$1.$1.$1",
      "resolved": "https://registry.npmjs.org/@rollup/rollup-android-arm$1/-/rollup-android-arm$1-$1.$1.$1.tgz",
      "integrity": "sha$1-OBqcX$1BMe$1nvjQ$1Nyp$1cC$1cnumt$1PXmO$1Dp$1gfAju/$1YwG$1Tj$1z$1vKrfRz$1qAv$1nBcYM$1BCbhrsWqO$1PzQQ==",
      "cpu": [
        "arm$1"
      ],
      "dev": true,
      "optional": true,
      "os": [
        "android"
      ]
    },
    "node_modules/@rollup/rollup-darwin-arm$1": {
      "version": "$1.$1.$1",
      "resolved": "https://registry.npmjs.org/@rollup/rollup-darwin-arm$1/-/rollup-darwin-arm$1-$1.$1.$1.tgz",
      "integrity": "sha$1-X$1tZd$1dRE/QTrBIEs$1kaOBG$1b$1GVEd$1ccoLtyf$1IdXtHdh$1h+I$1C$1yC$1PtC$1Ucnv$1CpNFJLqKFVgCYe$1lOQ==",
      "cpu": [
        "arm$1"
      ],
      "dev": true,
      "optional": true,
      "os": [
        "darwin"
      ]
    },
    "node_modules/@rollup/rollup-darwin-x$1": {
      "version": "$1.$1.$1",
      "resolved": "https://registry.npmjs.org/@rollup/rollup-darwin-x$1/-/rollup-darwin-x$1-$1.$1.$1.tgz",
      "integrity": "sha$1-cc$1KUZoVbUJmGP$1cOuiZ$1HSOP$1AzBAThn$1OU+$1LcA$1+IUqswJyR$1cAJj$1Mg$1HbjZP$1OLAIscbQsQLrpgTOg==",
      "cpu": [
        "x$1"
      ],
      "dev": true,
      "optional": true,
      "os": [
        "darwin"
      ]
    },
    "node_modules/@rollup/rollup-linux-arm-gnueabihf": {
      "version": "$1.$1.$1",
      "resolved": "https://registry.npmjs.org/@rollup/rollup-linux-arm-gnueabihf/-/rollup-linux-arm-gnueabihf-$1.$1.$1.tgz",
      "integrity": "sha$1-a$1w/Y$1hyyO$1GlpKL$1xJ$1IOh/$1d+APaqLYdMf$1xnczU$1nurFTaVN$1s$1jOXQg$1BE$1nYm/$1Ga$1rjec$1nfRdrvA==",
      "cpu": [
        "arm"
      ],
      "dev": true,
      "optional": true,
      "os": [
        "linux"
      ]
    },
    "node_modules/@rollup/rollup-linux-arm$1-gnu": {
      "version": "$1.$1.$1",
      "resolved": "https://registry.npmjs.org/@rollup/rollup-linux-arm$1-gnu/-/rollup-linux-arm$1-gnu-$1.$1.$1.tgz",
      "integrity": "sha$1-$1fZBq$1b+D$1Ar$1CQMofVN$1sggOVhEtzFUwOwPppQt$1k+VR+$1UHMZZY$1y+$1WJ$1XOhBTKXtQB/Sv$1NwQMXyNAA==",
      "cpu": [
        "arm$1"
      ],
      "dev": true,
      "optional": true,
      "os": [
        "linux"
      ]
    },
    "node_modules/@rollup/rollup-linux-arm$1-musl": {
      "version": "$1.$1.$1",
      "resolved": "https://registry.npmjs.org/@rollup/rollup-linux-arm$1-musl/-/rollup-linux-arm$1-musl-$1.$1.$1.tgz",
      "integrity": "sha$1-eTvzUS$1hhhlgeAv$1bfigekzWZjaEX$1xP$1HhxB$1Dvrdbkk$1w/b+$1Sxct$1ZuDxNJKzsRStSq$1EaEkVSEe$1A$1ipgQ==",
      "cpu": [
        "arm$1"
      ],
      "dev": true,
      "optional": true,
      "os": [
        "linux"
      ]
    },
    "node_modules/@rollup/rollup-linux-riscv$1-gnu": {
      "version": "$1.$1.$1",
      "resolved": "https://registry.npmjs.org/@rollup/rollup-linux-riscv$1-gnu/-/rollup-linux-riscv$1-gnu-$1.$1.$1.tgz",
      "integrity": "sha$1-ix+qAB$1qmrCRiaO$1VFfY$1rkiAZJL$1zQRXveS$1HS+pKdjwUfEhqo$1+YF$1oI+H/$1Xsiski+qqwIBxVewLK$1sw==",
      "cpu": [
        "riscv$1"
      ],
      "dev": true,
      "optional": true,
      "os": [
        "linux"
      ]
    },
    "node_modules/@rollup/rollup-linux-x$1-gnu": {
      "version": "$1.$1.$1",
      "resolved": "https://registry.npmjs.org/@rollup/rollup-linux-x$1-gnu/-/rollup-linux-x$1-gnu-$1.$1.$1.tgz",
      "integrity": "sha$1-TenQhZVOtw/$1qKOPa$1d+QgkeM$1xY$1LtwzR$1OplmyL$1LrgTWIXpTQg$1Q$1ycBf$1jm+SFW$1Wt/DTn$1gf$1nFp$1ssVA==",
      "cpu": [
        "x$1"
      ],
      "dev": true,
      "optional": true,
      "os": [
        "linux"
      ]
    },
    "node_modules/@rollup/rollup-linux-x$1-musl": {
      "version": "$1.$1.$1",
      "resolved": "https://registry.npmjs.org/@rollup/rollup-linux-x$1-musl/-/rollup-linux-x$1-musl-$1.$1.$1.tgz",
      "integrity": "sha$1-LfFdRhNnW$1zdMvdCb$1FNuWlls$1WbbSridJvxOvYWgSBOYZtgBfW$1UGNJG//rwMqTX$1xQE$1BAodvMH$1tAusKDUw==",
      "cpu": [
        "x$1"
      ],
      "dev": true,
      "optional": true,
      "os": [
        "linux"
      ]
    },
    "node_modules/@rollup/rollup-win$1-arm$1-msvc": {
      "version": "$1.$1.$1",
      "resolved": "https://registry.npmjs.org/@rollup/rollup-win$1-arm$1-msvc/-/rollup-win$1-arm$1-msvc-$1.$1.$1.tgz",
      "integrity": "sha$1-JPDxovheWNp$1d$1AHCgsUlkuCKvtu$1RB$1iNEkaQcf$1ttsDU/JZF+iQnYcQJSk/$1PtT$1mjjVG$1N$1kpwnI$1SLYaw==",
      "cpu": [
        "arm$1"
      ],
      "dev": true,
      "optional": true,
      "os": [
        "win$1"
      ]
    },
    "node_modules/@rollup/rollup-win$1-ia$1-msvc": {
      "version": "$1.$1.$1",
      "resolved": "https://registry.npmjs.org/@rollup/rollup-win$1-ia$1-msvc/-/rollup-win$1-ia$1-msvc-$1.$1.$1.tgz",
      "integrity": "sha$1-fjtuvMWRGJn$1oZacG$1IPnzIV$1GF$1/XG+h$1FKn$1OYFqySXInJtseAqdprVTDTyqPxQOG$1Exak$1/E$1Z$1+EJ$1ZA==",
      "cpu": [
        "ia$1"
      ],
      "dev": true,
      "optional": true,
      "os": [
        "win$1"
      ]
    },
    "node_modules/@rollup/rollup-win$1-x$1-msvc": {
      "version": "$1.$1.$1",
      "resolved": "https://registry.npmjs.org/@rollup/rollup-win$1-x$1-msvc/-/rollup-win$1-x$1-msvc-$1.$1.$1.tgz",
      "integrity": "sha$1-ZYmr$1mS$1wd$1Dew/JjT$1Fqi$1NPB/ZhZ$1VvPp$1SmvPZb$1Y$1CG/LRcS$1tcRo$1cYU$1zLK$1A$1cdbhWnnWmUjoI$1qapg==",
      "cpu": [
        "x$1"
      ],
      "dev": true,
      "optional": true,
      "os": [
        "win$1"
      ]
    },
    "node_modules/@types/estree": {
      "version": "$1.$1.$1",
      "resolved": "https://registry.npmjs.org/@types/estree/-/estree-$1.$1.$1.tgz",
      "integrity": "sha$1-/kYRxGDLWzHOB$1q+wtSUQlFrtcdUccpfy+X+$1iMBpHK$1QLLhx$1wIPYuS$1DYtR$1Wa/YlZAbIovy$1qVdB$1Aq$1Lyw==",
      "dev": true
    },
    "node_modules/esbuild": {
      "version": "$1.$1.$1",
      "resolved": "https://registry.npmjs.org/esbuild/-/esbuild-$1.$1.$1.tgz",
      "integrity": "sha$1-aARqgq$1roFBj$1KvQr$1f$1sFu$1D$1G+miZRCuJyJ$1G$1Zwx$1vRar$1Zhn$1tkQNzIXcBrNVsv/$1stehpj+GAjgbg==",
      "dev": true,
      "hasInstallScript": true,
      "bin": {
        "esbuild": "bin/esbuild"
      },
      "engines": {
        "node": ">=$1"
      },
      "optionalDependencies": {
        "@esbuild/aix-ppc$1": "$1.$1.$1",
        "@esbuild/android-arm": "$1.$1.$1",
        "@esbuild/android-arm$1": "$1.$1.$1",
        "@esbuild/android-x$1": "$1.$1.$1",
        "@esbuild/darwin-arm$1": "$1.$1.$1",
        "@esbuild/darwin-x$1": "$1.$1.$1",
        "@esbuild/freebsd-arm$1": "$1.$1.$1",
        "@esbuild/freebsd-x$1": "$1.$1.$1",
        "@esbuild/linux-arm": "$1.$1.$1",
        "@esbuild/linux-arm$1": "$1.$1.$1",
        "@esbuild/linux-ia$1": "$1.$1.$1",
        "@esbuild/linux-loong$1": "$1.$1.$1",
        "@esbuild/linux-mips$1el": "$1.$1.$1",
        "@esbuild/linux-ppc$1": "$1.$1.$1",
        "@esbuild/linux-riscv$1": "$1.$1.$1",
        "@esbuild/linux-s$1x": "$1.$1.$1",
        "@esbuild/linux-x$1": "$1.$1.$1",
        "@esbuild/netbsd-x$1": "$1.$1.$1",
        "@esbuild/openbsd-x$1": "$1.$1.$1",
        "@esbuild/sunos-x$1": "$1.$1.$1",
        "@esbuild/win$1-arm$1": "$1.$1.$1",
        "@esbuild/win$1-ia$1": "$1.$1.$1",
        "@esbuild/win$1-x$1": "$1.$1.$1"
      }
    },
    "node_modules/fsevents": {
      "version": "$1.$1.$1",
      "resolved": "https://registry.npmjs.org/fsevents/-/fsevents-$1.$1.$1.tgz",
      "integrity": "sha$1-$1xoDfX+fL$1faATnagmWPpbFtwh/R$1WmMMqqHGS$1C$1vvB$1YHrgF+B$1YmZ$1tMj$1n$1k$1XNoJwzlhffQw==",
      "dev": true,
      "hasInstallScript": true,
      "optional": true,
      "os": [
        "darwin"
      ],
      "engines": {
        "node": "^$1.$1.$1 || ^$1.$1.$1 || >=$1.$1.$1"
      }
    },
    "node_modules/nanoid": {
      "version": "$1.$1.$1",
      "resolved": "https://registry.npmjs.org/nanoid/-/nanoid-$1.$1.$1.tgz",
      "integrity": "sha$1-eSRppjcPIatRIMC$1U$1UngP$1XFcz$1MQWGQdt$1MTBQ$1NaAmvXDfvNxbvWV$1x$1y$1CdEUciCSsDHDQZbhYaB$1QEo$1g==",
      "dev": true,
      "funding": [
        {
          "type": "github",
          "url": "https://github.com/sponsors/ai"
        }
      ],
      "bin": {
        "nanoid": "bin/nanoid.cjs"
      },
      "engines": {
        "node": "^$1 || ^$1 || ^$1.$1 || ^$1 || >=$1.$1.$1"
      }
    },
    "node_modules/picocolors": {
      "version": "$1.$1.$1",
      "resolved": "https://registry.npmjs.org/picocolors/-/picocolors-$1.$1.$1.tgz",
      "integrity": "sha$1-$1fygroTLlHu$1zi$1VoTDv$1yRgm$1Fccecssto+MhsZ$1D/DGW$1sm$1E$1AjW$1NU$1VVTRt$1GxbeZ$1qBuJr+HyLYkjQ==",
      "dev": true
    },
    "node_modules/postcss": {
      "version": "$1.$1.$1",
      "resolved": "https://registry.npmjs.org/postcss/-/postcss-$1.$1.$1.tgz",
      "integrity": "sha$1-u$1U$1qYpBCpN$1BsiEB$1CbR$1Hhh$1Gc$1zLFuedrHJKMctHCHAGrMdG$1PRM/KErzAL$1CU$1/eckEtmHNB$1x$1e$1c$1vA==",
      "dev": true,
      "funding": [
        {
          "type": "opencollective",
          "url": "https://opencollective.com/postcss/"
        },
        {
          "type": "tidelift",
          "url": "https://tidelift.com/funding/github/npm/postcss"
        },
        {
          "type": "github",
          "url": "https://github.com/sponsors/ai"
        }
      ],
      "dependencies": {
        "nanoid": "^$1.$1.$1",
        "picocolors": "^$1.$1.$1",
        "source-map-js": "^$1.$1.$1"
      },
      "engines": {
        "node": "^$1 || ^$1 || >=$1"
      }
    },
    "node_modules/rollup": {
      "version": "$1.$1.$1",
      "resolved": "https://registry.npmjs.org/rollup/-/rollup-$1.$1.$1.tgz",
      "integrity": "sha$1-wz$1wn$1t$1OHIJw$1+XU$1mJJQV/$1NAfw$1OAk$1G$1Hoo$1zcvz/XOfQ$1Vgi+AN$1Uxoxi$1KBBwk$1g$1zPrTDA$1btSB/Q==",
      "dev": true,
      "dependencies": {
        "@types/estree": "$1.$1.$1"
      },
      "bin": {
        "rollup": "dist/bin/rollup"
      },
      "engines": {
        "node": ">=$1.$1.$1",
        "npm": ">=$1.$1.$1"
      },
      "optionalDependencies": {
        "@rollup/rollup-android-arm-eabi": "$1.$1.$1",
        "@rollup/rollup-android-arm$1": "$1.$1.$1",
        "@rollup/rollup-darwin-arm$1": "$1.$1.$1",
        "@rollup/rollup-darwin-x$1": "$1.$1.$1",
        "@rollup/rollup-linux-arm-gnueabihf": "$1.$1.$1",
        "@rollup/rollup-linux-arm$1-gnu": "$1.$1.$1",
        "@rollup/rollup-linux-arm$1-musl": "$1.$1.$1",
        "@rollup/rollup-linux-riscv$1-gnu": "$1.$1.$1",
        "@rollup/rollup-linux-x$1-gnu": "$1.$1.$1",
        "@rollup/rollup-linux-x$1-musl": "$1.$1.$1",
        "@rollup/rollup-win$1-arm$1-msvc": "$1.$1.$1",
        "@rollup/rollup-win$1-ia$1-msvc": "$1.$1.$1",
        "@rollup/rollup-win$1-x$1-msvc": "$1.$1.$1",
        "fsevents": "~$1.$1.$1"
      }
    },
    "node_modules/source-map-js": {
      "version": "$1.$1.$1",
      "resolved": "https://registry.npmjs.org/source-map-js/-/source-map-js-$1.$1.$1.tgz",
      "integrity": "sha$1-R$1XvVJ$1WusLiqTCEiGCmICCMplcCkIwwR$1mOSD$1CR$1u+IXYdiseeEuXCVAjS$1zqwkLcPNnmU$1OeJ$1tUrWhDw==",
      "dev": true,
      "engines": {
        "node": ">=$1.$1.$1"
      }
    },
    "node_modules/vite": {
      "version": "$1.$1.$1",
      "resolved": "https://registry.npmjs.org/vite/-/vite-$1.$1.$1.tgz",
      "integrity": "sha$1-UfmUD$1DKkqhi/F$1RrxvPpry+$1+tTkrXfMNZD+SboZqBCMsxKtO$1XeGzzuh$1ioz+Eo/SYDBbdb$1Z$1vgcDJew==",
      "dev": true,
      "dependencies": {
        "esbuild": "^$1.$1.$1",
        "postcss": "^$1.$1.$1",
        "rollup": "^$1.$1.$1"
      },
      "bin": {
        "vite": "bin/vite.js"
      },
      "engines": {
        "node": "^$1.$1.$1 || >=$1.$1.$1"
      },
      "funding": {
        "url": "https://github.com/vitejs/vite?sponsor=$1"
      },
      "optionalDependencies": {
        "fsevents": "~$1.$1.$1"
      },
      "peerDependencies": {
        "@types/node": "^$1.$1.$1 || >=$1.$1.$1",
        "less": "*",
        "lightningcss": "^$1.$1.$1",
        "sass": "*",
        "stylus": "*",
        "sugarss": "*",
        "terser": "^$1.$1.$1"
      },
      "peerDependenciesMeta": {
        "@types/node": {
          "optional": true
        },
        "less": {
          "optional": true
        },
        "lightningcss": {
          "optional": true
        },
        "sass": {
          "optional": true
        },
        "stylus": {
          "optional": true
        },
        "sugarss": {
          "optional": true
        },
        "terser": {
          "optional": true
        }
      }
    }
  }
}
